
Microsoft Visual Studio Solution File, Format Version 12.00
# Visual Studio Version 16
VisualStudioVersion = 16.0.29613.14
MinimumVisualStudioVersion = 10.0.40219.1
Project("{00D1A9C2-B5F0-4AF3-8072-F6C62B433612}") = "SqlServerDatabase", "SqlServerDatabase\SqlServerDatabase.sqlproj", "{B7DEFDD0-C48E-46D9-BEFE-CD47365CAC4B}"
EndProject
Global
	GlobalSection(SolutionConfigurationPlatforms) = preSolution
		Debug|Any CPU = Debug|Any CPU
		Release|Any CPU = Release|Any CPU
	EndGlobalSection
	GlobalSection(ProjectConfigurationPlatforms) = postSolution
		{B7DEFDD0-C48E-46D9-BEFE-CD47365CAC4B}.Debug|Any CPU.ActiveCfg = Debug|Any CPU
		{B7DEFDD0-C48E-46D9-BEFE-CD47365CAC4B}.Debug|Any CPU.Build.0 = Debug|Any CPU
		{B7DEFDD0-C48E-46D9-BEFE-CD47365CAC4B}.Debug|Any CPU.Deploy.0 = Debug|Any CPU
		{B7DEFDD0-C48E-46D9-BEFE-CD47365CAC4B}.Release|Any CPU.ActiveCfg = Release|Any CPU
		{B7DEFDD0-C48E-46D9-BEFE-CD47365CAC4B}.Release|Any CPU.Build.0 = Release|Any CPU
		{B7DEFDD0-C48E-46D9-BEFE-CD47365CAC4B}.Release|Any CPU.Deploy.0 = Release|Any CPU
	EndGlobalSection
	GlobalSection(SolutionProperties) = preSolution
		HideSolutionNode = FALSE
	EndGlobalSection
	GlobalSection(ExtensibilityGlobals) = postSolution
		SolutionGuid = {B77D7C16-E889-4AAD-8CD3-C37883D29FD4}
	EndGlobalSection
EndGlobal
